
Microsoft Visual Studio Solution File, Format Version 12.00
# Visual Studio 15
VisualStudioVersion = 15.0.28010.2026
MinimumVisualStudioVersion = 10.0.40219.1
Project("{FAE04EC0-301F-11D3-BF4B-00C04F79EFBC}") = "MVVM.Android", "MVVM\MVVM.Android\MVVM.Android.csproj", "{C4414E9B-A841-4DB9-B4B0-6740C8841942}"
EndProject
Project("{FAE04EC0-301F-11D3-BF4B-00C04F79EFBC}") = "MVVM.iOS", "MVVM\MVVM.iOS\MVVM.iOS.csproj", "{8CCF9713-A1B4-4E48-BE93-035F5BA54A17}"
EndProject
Project("{FAE04EC0-301F-11D3-BF4B-00C04F79EFBC}") = "MVVM", "MVVM\MVVM\MVVM.csproj", "{6E855DF2-AB2C-4DBD-A4F8-D300618BDCF1}"
EndProject
Global
	GlobalSection(SolutionConfigurationPlatforms) = preSolution
		Ad-Hoc|Any CPU = Ad-Hoc|Any CPU
		Ad-Hoc|iPhone = Ad-Hoc|iPhone
		Ad-Hoc|iPhoneSimulator = Ad-Hoc|iPhoneSimulator
		AppStore|Any CPU = AppStore|Any CPU
		AppStore|iPhone = AppStore|iPhone
		AppStore|iPhoneSimulator = AppStore|iPhoneSimulator
		Debug|Any CPU = Debug|Any CPU
		Debug|iPhone = Debug|iPhone
		Debug|iPhoneSimulator = Debug|iPhoneSimulator
		Release|Any CPU = Release|Any CPU
		Release|iPhone = Release|iPhone
		Release|iPhoneSimulator = Release|iPhoneSimulator
	EndGlobalSection
	GlobalSection(ProjectConfigurationPlatforms) = postSolution
		{C4414E9B-A841-4DB9-B4B0-6740C8841942}.Ad-Hoc|Any CPU.ActiveCfg = Release|Any CPU
		{C4414E9B-A841-4DB9-B4B0-6740C8841942}.Ad-Hoc|Any CPU.Build.0 = Release|Any CPU
		{C4414E9B-A841-4DB9-B4B0-6740C8841942}.Ad-Hoc|Any CPU.Deploy.0 = Release|Any CPU
		{C4414E9B-A841-4DB9-B4B0-6740C8841942}.Ad-Hoc|iPhone.ActiveCfg = Release|Any CPU
		{C4414E9B-A841-4DB9-B4B0-6740C8841942}.Ad-Hoc|iPhone.Build.0 = Release|Any CPU
		{C4414E9B-A841-4DB9-B4B0-6740C8841942}.Ad-Hoc|iPhone.Deploy.0 = Release|Any CPU
		{C4414E9B-A841-4DB9-B4B0-6740C8841942}.Ad-Hoc|iPhoneSimulator.ActiveCfg = Release|Any CPU
		{C4414E9B-A841-4DB9-B4B0-6740C8841942}.Ad-Hoc|iPhoneSimulator.Build.0 = Release|Any CPU
		{C4414E9B-A841-4DB9-B4B0-6740C8841942}.Ad-Hoc|iPhoneSimulator.Deploy.0 = Release|Any CPU
		{C4414E9B-A841-4DB9-B4B0-6740C8841942}.AppStore|Any CPU.ActiveCfg = Release|Any CPU
		{C4414E9B-A841-4DB9-B4B0-6740C8841942}.AppStore|Any CPU.Build.0 = Release|Any CPU
		{C4414E9B-A841-4DB9-B4B0-6740C8841942}.AppStore|Any CPU.Deploy.0 = Release|Any CPU
		{C4414E9B-A841-4DB9-B4B0-6740C8841942}.AppStore|iPhone.ActiveCfg = Release|Any CPU
		{C4414E9B-A841-4DB9-B4B0-6740C8841942}.AppStore|iPhone.Build.0 = Release|Any CPU
		{C4414E9B-A841-4DB9-B4B0-6740C8841942}.AppStore|iPhone.Deploy.0 = Release|Any CPU
		{C4414E9B-A841-4DB9-B4B0-6740C8841942}.AppStore|iPhoneSimulator.ActiveCfg = Release|Any CPU
		{C4414E9B-A841-4DB9-B4B0-6740C8841942}.AppStore|iPhoneSimulator.Build.0 = Release|Any CPU
		{C4414E9B-A841-4DB9-B4B0-6740C8841942}.AppStore|iPhoneSimulator.Deploy.0 = Release|Any CPU
		{C4414E9B-A841-4DB9-B4B0-6740C8841942}.Debug|Any CPU.ActiveCfg = Debug|Any CPU
		{C4414E9B-A841-4DB9-B4B0-6740C8841942}.Debug|Any CPU.Build.0 = Debug|Any CPU
		{C4414E9B-A841-4DB9-B4B0-6740C8841942}.Debug|Any CPU.Deploy.0 = Debug|Any CPU
		{C4414E9B-A841-4DB9-B4B0-6740C8841942}.Debug|iPhone.ActiveCfg = Debug|Any CPU
		{C4414E9B-A841-4DB9-B4B0-6740C8841942}.Debug|iPhone.Build.0 = Debug|Any CPU
		{C4414E9B-A841-4DB9-B4B0-6740C8841942}.Debug|iPhone.Deploy.0 = Debug|Any CPU
		{C4414E9B-A841-4DB9-B4B0-6740C8841942}.Debug|iPhoneSimulator.ActiveCfg = Debug|Any CPU
		{C4414E9B-A841-4DB9-B4B0-6740C8841942}.Debug|iPhoneSimulator.Build.0 = Debug|Any CPU
		{C4414E9B-A841-4DB9-B4B0-6740C8841942}.Debug|iPhoneSimulator.Deploy.0 = Debug|Any CPU
		{C4414E9B-A841-4DB9-B4B0-6740C8841942}.Release|Any CPU.ActiveCfg = Release|Any CPU
		{C4414E9B-A841-4DB9-B4B0-6740C8841942}.Release|Any CPU.Build.0 = Release|Any CPU
		{C4414E9B-A841-4DB9-B4B0-6740C8841942}.Release|Any CPU.Deploy.0 = Release|Any CPU
		{C4414E9B-A841-4DB9-B4B0-6740C8841942}.Release|iPhone.ActiveCfg = Release|Any CPU
		{C4414E9B-A841-4DB9-B4B0-6740C8841942}.Release|iPhone.Build.0 = Release|Any CPU
		{C4414E9B-A841-4DB9-B4B0-6740C8841942}.Release|iPhone.Deploy.0 = Release|Any CPU
		{C4414E9B-A841-4DB9-B4B0-6740C8841942}.Release|iPhoneSimulator.ActiveCfg = Release|Any CPU
		{C4414E9B-A841-4DB9-B4B0-6740C8841942}.Release|iPhoneSimulator.Build.0 = Release|Any CPU
		{C4414E9B-A841-4DB9-B4B0-6740C8841942}.Release|iPhoneSimulator.Deploy.0 = Release|Any CPU
		{8CCF9713-A1B4-4E48-BE93-035F5BA54A17}.Ad-Hoc|Any CPU.ActiveCfg = Ad-Hoc|iPhone
		{8CCF9713-A1B4-4E48-BE93-035F5BA54A17}.Ad-Hoc|Any CPU.Build.0 = Ad-Hoc|iPhone
		{8CCF9713-A1B4-4E48-BE93-035F5BA54A17}.Ad-Hoc|Any CPU.Deploy.0 = Ad-Hoc|iPhone
		{8CCF9713-A1B4-4E48-BE93-035F5BA54A17}.Ad-Hoc|iPhone.ActiveCfg = Ad-Hoc|iPhone
		{8CCF9713-A1B4-4E48-BE93-035F5BA54A17}.Ad-Hoc|iPhone.Build.0 = Ad-Hoc|iPhone
		{8CCF9713-A1B4-4E48-BE93-035F5BA54A17}.Ad-Hoc|iPhone.Deploy.0 = Ad-Hoc|iPhone
		{8CCF9713-A1B4-4E48-BE93-035F5BA54A17}.Ad-Hoc|iPhoneSimulator.ActiveCfg = Ad-Hoc|iPhoneSimulator
		{8CCF9713-A1B4-4E48-BE93-035F5BA54A17}.Ad-Hoc|iPhoneSimulator.Build.0 = Ad-Hoc|iPhoneSimulator
		{8CCF9713-A1B4-4E48-BE93-035F5BA54A17}.Ad-Hoc|iPhoneSimulator.Deploy.0 = Ad-Hoc|iPhoneSimulator
		{8CCF9713-A1B4-4E48-BE93-035F5BA54A17}.AppStore|Any CPU.ActiveCfg = AppStore|iPhone
		{8CCF9713-A1B4-4E48-BE93-035F5BA54A17}.AppStore|Any CPU.Build.0 = AppStore|iPhone
		{8CCF9713-A1B4-4E48-BE93-035F5BA54A17}.AppStore|Any CPU.Deploy.0 = AppStore|iPhone
		{8CCF9713-A1B4-4E48-BE93-035F5BA54A17}.AppStore|iPhone.ActiveCfg = AppStore|iPhone
		{8CCF9713-A1B4-4E48-BE93-035F5BA54A17}.AppStore|iPhone.Build.0 = AppStore|iPhone
		{8CCF9713-A1B4-4E48-BE93-035F5BA54A17}.AppStore|iPhone.Deploy.0 = AppStore|iPhone
		{8CCF9713-A1B4-4E48-BE93-035F5BA54A17}.AppStore|iPhoneSimulator.ActiveCfg = AppStore|iPhoneSimulator
		{8CCF9713-A1B4-4E48-BE93-035F5BA54A17}.AppStore|iPhoneSimulator.Build.0 = AppStore|iPhoneSimulator
		{8CCF9713-A1B4-4E48-BE93-035F5BA54A17}.AppStore|iPhoneSimulator.Deploy.0 = AppStore|iPhoneSimulator
		{8CCF9713-A1B4-4E48-BE93-035F5BA54A17}.Debug|Any CPU.ActiveCfg = Debug|iPhone
		{8CCF9713-A1B4-4E48-BE93-035F5BA54A17}.Debug|Any CPU.Build.0 = Debug|iPhone
		{8CCF9713-A1B4-4E48-BE93-035F5BA54A17}.Debug|Any CPU.Deploy.0 = Debug|iPhone
		{8CCF9713-A1B4-4E48-BE93-035F5BA54A17}.Debug|iPhone.ActiveCfg = Debug|iPhone
		{8CCF9713-A1B4-4E48-BE93-035F5BA54A17}.Debug|iPhone.Build.0 = Debug|iPhone
		{8CCF9713-A1B4-4E48-BE93-035F5BA54A17}.Debug|iPhone.Deploy.0 = Debug|iPhone
		{8CCF9713-A1B4-4E48-BE93-035F5BA54A17}.Debug|iPhoneSimulator.ActiveCfg = Debug|iPhoneSimulator
		{8CCF9713-A1B4-4E48-BE93-035F5BA54A17}.Debug|iPhoneSimulator.Build.0 = Debug|iPhoneSimulator
		{8CCF9713-A1B4-4E48-BE93-035F5BA54A17}.Debug|iPhoneSimulator.Deploy.0 = Debug|iPhoneSimulator
		{8CCF9713-A1B4-4E48-BE93-035F5BA54A17}.Release|Any CPU.ActiveCfg = Release|iPhone
		{8CCF9713-A1B4-4E48-BE93-035F5BA54A17}.Release|Any CPU.Build.0 = Release|iPhone
		{8CCF9713-A1B4-4E48-BE93-035F5BA54A17}.Release|Any CPU.Deploy.0 = Release|iPhone
		{8CCF9713-A1B4-4E48-BE93-035F5BA54A17}.Release|iPhone.ActiveCfg = Release|iPhone
		{8CCF9713-A1B4-4E48-BE93-035F5BA54A17}.Release|iPhone.Build.0 = Release|iPhone
		{8CCF9713-A1B4-4E48-BE93-035F5BA54A17}.Release|iPhone.Deploy.0 = Release|iPhone
		{8CCF9713-A1B4-4E48-BE93-035F5BA54A17}.Release|iPhoneSimulator.ActiveCfg = Release|iPhoneSimulator
		{8CCF9713-A1B4-4E48-BE93-035F5BA54A17}.Release|iPhoneSimulator.Build.0 = Release|iPhoneSimulator
		{8CCF9713-A1B4-4E48-BE93-035F5BA54A17}.Release|iPhoneSimulator.Deploy.0 = Release|iPhoneSimulator
		{6E855DF2-AB2C-4DBD-A4F8-D300618BDCF1}.Ad-Hoc|Any CPU.ActiveCfg = Debug|Any CPU
		{6E855DF2-AB2C-4DBD-A4F8-D300618BDCF1}.Ad-Hoc|Any CPU.Build.0 = Debug|Any CPU
		{6E855DF2-AB2C-4DBD-A4F8-D300618BDCF1}.Ad-Hoc|Any CPU.Deploy.0 = Debug|Any CPU
		{6E855DF2-AB2C-4DBD-A4F8-D300618BDCF1}.Ad-Hoc|iPhone.ActiveCfg = Debug|Any CPU
		{6E855DF2-AB2C-4DBD-A4F8-D300618BDCF1}.Ad-Hoc|iPhone.Build.0 = Debug|Any CPU
		{6E855DF2-AB2C-4DBD-A4F8-D300618BDCF1}.Ad-Hoc|iPhone.Deploy.0 = Debug|Any CPU
		{6E855DF2-AB2C-4DBD-A4F8-D300618BDCF1}.Ad-Hoc|iPhoneSimulator.ActiveCfg = Debug|Any CPU
		{6E855DF2-AB2C-4DBD-A4F8-D300618BDCF1}.Ad-Hoc|iPhoneSimulator.Build.0 = Debug|Any CPU
		{6E855DF2-AB2C-4DBD-A4F8-D300618BDCF1}.Ad-Hoc|iPhoneSimulator.Deploy.0 = Debug|Any CPU
		{6E855DF2-AB2C-4DBD-A4F8-D300618BDCF1}.AppStore|Any CPU.ActiveCfg = Debug|Any CPU
		{6E855DF2-AB2C-4DBD-A4F8-D300618BDCF1}.AppStore|Any CPU.Build.0 = Debug|Any CPU
		{6E855DF2-AB2C-4DBD-A4F8-D300618BDCF1}.AppStore|Any CPU.Deploy.0 = Debug|Any CPU
		{6E855DF2-AB2C-4DBD-A4F8-D300618BDCF1}.AppStore|iPhone.ActiveCfg = Debug|Any CPU
		{6E855DF2-AB2C-4DBD-A4F8-D300618BDCF1}.AppStore|iPhone.Build.0 = Debug|Any CPU
		{6E855DF2-AB2C-4DBD-A4F8-D300618BDCF1}.AppStore|iPhone.Deploy.0 = Debug|Any CPU
		{6E855DF2-AB2C-4DBD-A4F8-D300618BDCF1}.AppStore|iPhoneSimulator.ActiveCfg = Debug|Any CPU
		{6E855DF2-AB2C-4DBD-A4F8-D300618BDCF1}.AppStore|iPhoneSimulator.Build.0 = Debug|Any CPU
		{6E855DF2-AB2C-4DBD-A4F8-D300618BDCF1}.AppStore|iPhoneSimulator.Deploy.0 = Debug|Any CPU
		{6E855DF2-AB2C-4DBD-A4F8-D300618BDCF1}.Debug|Any CPU.ActiveCfg = Debug|Any CPU
		{6E855DF2-AB2C-4DBD-A4F8-D300618BDCF1}.Debug|Any CPU.Build.0 = Debug|Any CPU
		{6E855DF2-AB2C-4DBD-A4F8-D300618BDCF1}.Debug|Any CPU.Deploy.0 = Debug|Any CPU
		{6E855DF2-AB2C-4DBD-A4F8-D300618BDCF1}.Debug|iPhone.ActiveCfg = Debug|Any CPU
		{6E855DF2-AB2C-4DBD-A4F8-D300618BDCF1}.Debug|iPhone.Build.0 = Debug|Any CPU
		{6E855DF2-AB2C-4DBD-A4F8-D300618BDCF1}.Debug|iPhone.Deploy.0 = Debug|Any CPU
		{6E855DF2-AB2C-4DBD-A4F8-D300618BDCF1}.Debug|iPhoneSimulator.ActiveCfg = Debug|Any CPU
		{6E855DF2-AB2C-4DBD-A4F8-D300618BDCF1}.Debug|iPhoneSimulator.Build.0 = Debug|Any CPU
		{6E855DF2-AB2C-4DBD-A4F8-D300618BDCF1}.Debug|iPhoneSimulator.Deploy.0 = Debug|Any CPU
		{6E855DF2-AB2C-4DBD-A4F8-D300618BDCF1}.Release|Any CPU.ActiveCfg = Release|Any CPU
		{6E855DF2-AB2C-4DBD-A4F8-D300618BDCF1}.Release|Any CPU.Build.0 = Release|Any CPU
		{6E855DF2-AB2C-4DBD-A4F8-D300618BDCF1}.Release|Any CPU.Deploy.0 = Release|Any CPU
		{6E855DF2-AB2C-4DBD-A4F8-D300618BDCF1}.Release|iPhone.ActiveCfg = Release|Any CPU
		{6E855DF2-AB2C-4DBD-A4F8-D300618BDCF1}.Release|iPhone.Build.0 = Release|Any CPU
		{6E855DF2-AB2C-4DBD-A4F8-D300618BDCF1}.Release|iPhone.Deploy.0 = Release|Any CPU
		{6E855DF2-AB2C-4DBD-A4F8-D300618BDCF1}.Release|iPhoneSimulator.ActiveCfg = Release|Any CPU
		{6E855DF2-AB2C-4DBD-A4F8-D300618BDCF1}.Release|iPhoneSimulator.Build.0 = Release|Any CPU
		{6E855DF2-AB2C-4DBD-A4F8-D300618BDCF1}.Release|iPhoneSimulator.Deploy.0 = Release|Any CPU
	EndGlobalSection
	GlobalSection(SolutionProperties) = preSolution
		HideSolutionNode = FALSE
	EndGlobalSection
	GlobalSection(ExtensibilityGlobals) = postSolution
		SolutionGuid = {A3C8FDF3-8F72-4B97-9708-DC6BE1FCF8C1}
	EndGlobalSection
EndGlobal
